<?xml version="1.0" encoding="utf-8"?>
<Project ToolsVersion="4.0" xmlns="http://schemas.microsoft.com/developer/msbuild/2003">
  <ItemGroup>
    <Filter Include="GlobalVariables">
      <UniqueIdentifier>{3adb2120-925b-4a3e-83c2-5a3aeaee8bec}</UniqueIdentifier>
    </Filter>
    <Filter Include="main">
      <UniqueIdentifier>{1e45a1d3-8dce-46ba-9ffe-8279ac985658}</UniqueIdentifier>
    </Filter>
    <Filter Include="Memory">
      <UniqueIdentifier>{98aabda4-b1f7-4cec-a7e9-67c9e4fd528e}</UniqueIdentifier>
    </Filter>
    <Filter Include="Network">
      <UniqueIdentifier>{7b5714a4-2302-4e53-8abb-95a1597af17b}</UniqueIdentifier>
    </Filter>
    <Filter Include="Thread">
      <UniqueIdentifier>{ed425fb0-11e9-4a34-af6d-f9f5c30bc51a}</UniqueIdentifier>
    </Filter>
    <Filter Include="ActorModel">
      <UniqueIdentifier>{a5053d8e-1725-4db3-9843-c2fadbf71cbd}</UniqueIdentifier>
    </Filter>
  </ItemGroup>
  <ItemGroup>
    <ClCompile Include="CoreGlobal.cpp">
      <Filter>GlobalVariables</Filter>
    </ClCompile>
    <ClCompile Include="SocketUtils.cpp">
      <Filter>GlobalVariables</Filter>
    </ClCompile>
    <ClCompile Include="GlobalActorQueue.cpp">
      <Filter>ActorModel</Filter>
    </ClCompile>
    <ClCompile Include="ActorEvent.cpp">
      <Filter>ActorModel</Filter>
    </ClCompile>
    <ClCompile Include="Actor.cpp">
      <Filter>ActorModel</Filter>
    </ClCompile>
    <ClCompile Include="ActorEventScheduler.cpp">
      <Filter>ActorModel</Filter>
    </ClCompile>
    <ClCompile Include="MyLibraries.cpp">
      <Filter>main</Filter>
    </ClCompile>
    <ClCompile Include="pch.cpp">
      <Filter>main</Filter>
    </ClCompile>
    <ClCompile Include="objectPool.cpp">
      <Filter>Memory</Filter>
    </ClCompile>
    <ClCompile Include="StompAllocator.cpp">
      <Filter>Memory</Filter>
    </ClCompile>
    <ClCompile Include="CompletionPortCore.cpp">
      <Filter>Network</Filter>
    </ClCompile>
    <ClCompile Include="Listener.cpp">
      <Filter>Network</Filter>
    </ClCompile>
    <ClCompile Include="NetAddress.cpp">
      <Filter>Network</Filter>
    </ClCompile>
    <ClCompile Include="RecvBuffer.cpp">
      <Filter>Network</Filter>
    </ClCompile>
    <ClCompile Include="SendBuffer.cpp">
      <Filter>Network</Filter>
    </ClCompile>
    <ClCompile Include="Service.cpp">
      <Filter>Network</Filter>
    </ClCompile>
    <ClCompile Include="Session.cpp">
      <Filter>Network</Filter>
    </ClCompile>
    <ClCompile Include="RWLock.cpp">
      <Filter>Thread</Filter>
    </ClCompile>
    <ClCompile Include="MPSCQueue.cpp">
      <Filter>ActorModel</Filter>
    </ClCompile>
  </ItemGroup>
  <ItemGroup>
    <ClInclude Include="CoreGlobal.h">
      <Filter>GlobalVariables</Filter>
    </ClInclude>
    <ClInclude Include="SocketUtils.h">
      <Filter>GlobalVariables</Filter>
    </ClInclude>
    <ClInclude Include="GlobalActorQueue.h">
      <Filter>ActorModel</Filter>
    </ClInclude>
    <ClInclude Include="ActorEvent.h">
      <Filter>ActorModel</Filter>
    </ClInclude>
    <ClInclude Include="Actor.h">
      <Filter>ActorModel</Filter>
    </ClInclude>
    <ClInclude Include="ActorEventScheduler.h">
      <Filter>ActorModel</Filter>
    </ClInclude>
    <ClInclude Include="CorePch.h">
      <Filter>main</Filter>
    </ClInclude>
    <ClInclude Include="MyLibraries.h">
      <Filter>main</Filter>
    </ClInclude>
    <ClInclude Include="pch.h">
      <Filter>main</Filter>
    </ClInclude>
    <ClInclude Include="StompAllocator.h">
      <Filter>Memory</Filter>
    </ClInclude>
    <ClInclude Include="objectPool.h">
      <Filter>Memory</Filter>
    </ClInclude>
    <ClInclude Include="CompletionPortCore.h">
      <Filter>Network</Filter>
    </ClInclude>
    <ClInclude Include="Listener.h">
      <Filter>Network</Filter>
    </ClInclude>
    <ClInclude Include="NetAddress.h">
      <Filter>Network</Filter>
    </ClInclude>
    <ClInclude Include="RecvBuffer.h">
      <Filter>Network</Filter>
    </ClInclude>
    <ClInclude Include="SendBuffer.h">
      <Filter>Network</Filter>
    </ClInclude>
    <ClInclude Include="Service.h">
      <Filter>Network</Filter>
    </ClInclude>
    <ClInclude Include="Session.h">
      <Filter>Network</Filter>
    </ClInclude>
    <ClInclude Include="RWLock.h">
      <Filter>Thread</Filter>
    </ClInclude>
    <ClInclude Include="MyMacros.h">
      <Filter>main</Filter>
    </ClInclude>
    <ClInclude Include="MPSCQueue.h">
      <Filter>ActorModel</Filter>
    </ClInclude>
  </ItemGroup>
</Project>