
Microsoft Visual Studio Solution File, Format Version 12.00
# Visual Studio 15
Project("{FAE04EC0-301F-11D3-BF4B-00C04F79EFBC}") = "Assembly-CSharp", "Assembly-CSharp.csproj", "{30DFE36C-6B93-A4B9-D6EE-AF57A22543A5}"
EndProject
Project("{FAE04EC0-301F-11D3-BF4B-00C04F79EFBC}") = "Assembly-CSharp-Editor", "Assembly-CSharp-Editor.csproj", "{C8C5B611-FCD2-7134-881E-CB333967BD4C}"
EndProject
Project("{FAE04EC0-301F-11D3-BF4B-00C04F79EFBC}") = "com.unity.animations.springbone.editor", "com.unity.animations.springbone.editor.csproj", "{D87833CE-9292-30EC-AE37-7558595C9DBB}"
EndProject
Project("{FAE04EC0-301F-11D3-BF4B-00C04F79EFBC}") = "com.unity.animations.springbone", "com.unity.animations.springbone.csproj", "{39AEF062-834F-5FEF-2B0B-3CF97E4421E8}"
EndProject
Global
	GlobalSection(SolutionConfigurationPlatforms) = preSolution
		Debug|Any CPU = Debug|Any CPU
		Release|Any CPU = Release|Any CPU
	EndGlobalSection
	GlobalSection(ProjectConfigurationPlatforms) = postSolution
		{30DFE36C-6B93-A4B9-D6EE-AF57A22543A5}.Debug|Any CPU.ActiveCfg = Debug|Any CPU
		{30DFE36C-6B93-A4B9-D6EE-AF57A22543A5}.Debug|Any CPU.Build.0 = Debug|Any CPU
		{30DFE36C-6B93-A4B9-D6EE-AF57A22543A5}.Release|Any CPU.ActiveCfg = Release|Any CPU
		{30DFE36C-6B93-A4B9-D6EE-AF57A22543A5}.Release|Any CPU.Build.0 = Release|Any CPU
		{C8C5B611-FCD2-7134-881E-CB333967BD4C}.Debug|Any CPU.ActiveCfg = Debug|Any CPU
		{C8C5B611-FCD2-7134-881E-CB333967BD4C}.Debug|Any CPU.Build.0 = Debug|Any CPU
		{C8C5B611-FCD2-7134-881E-CB333967BD4C}.Release|Any CPU.ActiveCfg = Release|Any CPU
		{C8C5B611-FCD2-7134-881E-CB333967BD4C}.Release|Any CPU.Build.0 = Release|Any CPU
		{D87833CE-9292-30EC-AE37-7558595C9DBB}.Debug|Any CPU.ActiveCfg = Debug|Any CPU
		{D87833CE-9292-30EC-AE37-7558595C9DBB}.Debug|Any CPU.Build.0 = Debug|Any CPU
		{D87833CE-9292-30EC-AE37-7558595C9DBB}.Release|Any CPU.ActiveCfg = Release|Any CPU
		{D87833CE-9292-30EC-AE37-7558595C9DBB}.Release|Any CPU.Build.0 = Release|Any CPU
		{39AEF062-834F-5FEF-2B0B-3CF97E4421E8}.Debug|Any CPU.ActiveCfg = Debug|Any CPU
		{39AEF062-834F-5FEF-2B0B-3CF97E4421E8}.Debug|Any CPU.Build.0 = Debug|Any CPU
		{39AEF062-834F-5FEF-2B0B-3CF97E4421E8}.Release|Any CPU.ActiveCfg = Release|Any CPU
		{39AEF062-834F-5FEF-2B0B-3CF97E4421E8}.Release|Any CPU.Build.0 = Release|Any CPU
	EndGlobalSection
	GlobalSection(SolutionProperties) = preSolution
		HideSolutionNode = FALSE
	EndGlobalSection
EndGlobal
