<?xml version="1.0" encoding="utf-8"?>
<Project ToolsVersion="4.0" xmlns="http://schemas.microsoft.com/developer/msbuild/2003">
  <ItemGroup>
    <Filter Include="main">
      <UniqueIdentifier>{dfd4e8a8-5f62-467b-8c25-f55971435014}</UniqueIdentifier>
    </Filter>
    <Filter Include="S2C">
      <UniqueIdentifier>{6e610321-ca55-4021-973d-f37454e70ccd}</UniqueIdentifier>
    </Filter>
    <Filter Include="S2C\GameObjects">
      <UniqueIdentifier>{d4f8db27-7c55-49c6-91bb-d7f60ceb3cbc}</UniqueIdentifier>
    </Filter>
    <Filter Include="S2D">
      <UniqueIdentifier>{0e03bf5c-c757-4f01-af45-51debc90ed9c}</UniqueIdentifier>
    </Filter>
    <Filter Include="S2C\Network">
      <UniqueIdentifier>{3d3d1e7e-7167-4c73-828f-668a734623fb}</UniqueIdentifier>
    </Filter>
  </ItemGroup>
  <ItemGroup>
    <ClInclude Include="pch.h">
      <Filter>main</Filter>
    </ClInclude>
    <ClInclude Include="ServerGlobal.h">
      <Filter>main</Filter>
    </ClInclude>
    <ClInclude Include="Player.h">
      <Filter>S2C\GameObjects</Filter>
    </ClInclude>
    <ClInclude Include="gRPC_test.h">
      <Filter>S2D</Filter>
    </ClInclude>
    <ClInclude Include="S2D_Protocol.grpc.pb.h">
      <Filter>S2D</Filter>
    </ClInclude>
    <ClInclude Include="S2D_Protocol.pb.h">
      <Filter>S2D</Filter>
    </ClInclude>
    <ClInclude Include="PlayerSession.h">
      <Filter>S2C\Network</Filter>
    </ClInclude>
    <ClInclude Include="S2C_Protocol.pb.h">
      <Filter>S2C\Network</Filter>
    </ClInclude>
    <ClInclude Include="ServerPacketHandler.h">
      <Filter>S2C\Network</Filter>
    </ClInclude>
    <ClInclude Include="DBClientImpl.h">
      <Filter>S2D</Filter>
    </ClInclude>
    <ClInclude Include="ServerServiceImpl.h">
      <Filter>S2C\Network</Filter>
    </ClInclude>
    <ClInclude Include="S2D_CallData.h">
      <Filter>S2D</Filter>
    </ClInclude>
    <ClInclude Include="S2CPacketMaker.h">
      <Filter>S2C\Network</Filter>
    </ClInclude>
    <ClInclude Include="S2DPacketMaker.h" />
  </ItemGroup>
  <ItemGroup>
    <ClCompile Include="pch.cpp">
      <Filter>main</Filter>
    </ClCompile>
    <ClCompile Include="Server.cpp">
      <Filter>main</Filter>
    </ClCompile>
    <ClCompile Include="ServerGlobal.cpp">
      <Filter>main</Filter>
    </ClCompile>
    <ClCompile Include="Player.cpp">
      <Filter>S2C\GameObjects</Filter>
    </ClCompile>
    <ClCompile Include="gRPC_test.cpp">
      <Filter>S2D</Filter>
    </ClCompile>
    <ClCompile Include="S2D_Protocol.grpc.pb.cc">
      <Filter>S2D</Filter>
    </ClCompile>
    <ClCompile Include="S2D_Protocol.pb.cc">
      <Filter>S2D</Filter>
    </ClCompile>
    <ClCompile Include="PlayerSession.cpp">
      <Filter>S2C\Network</Filter>
    </ClCompile>
    <ClCompile Include="S2C_Protocol.pb.cc">
      <Filter>S2C\Network</Filter>
    </ClCompile>
    <ClCompile Include="ServerPacketHandler.cpp">
      <Filter>S2C\Network</Filter>
    </ClCompile>
    <ClCompile Include="DBClientImpl.cpp">
      <Filter>S2D</Filter>
    </ClCompile>
    <ClCompile Include="ServerServiceImpl.cpp">
      <Filter>S2C\Network</Filter>
    </ClCompile>
    <ClCompile Include="S2D_CallData.cpp">
      <Filter>S2D</Filter>
    </ClCompile>
    <ClCompile Include="S2CPacketMaker.cpp">
      <Filter>S2C\Network</Filter>
    </ClCompile>
    <ClCompile Include="S2DPacketMaker.cpp" />
  </ItemGroup>
</Project>